
Microsoft Visual Studio Solution File, Format Version 12.00
# Visual Studio 15
VisualStudioVersion = 15.0.27703.2000
MinimumVisualStudioVersion = 10.0.40219.1
Project("{FAE04EC0-301F-11D3-BF4B-00C04F79EFBC}") = "ComputerAlgebraSystem", "ComputerAlgebraSystem\ComputerAlgebraSystem.csproj", "{DB9A01A1-38DA-431B-B93E-CA095BB9FA73}"
EndProject
Global
	GlobalSection(SolutionConfigurationPlatforms) = preSolution
		Debug|Any CPU = Debug|Any CPU
		Release|Any CPU = Release|Any CPU
	EndGlobalSection
	GlobalSection(ProjectConfigurationPlatforms) = postSolution
		{DB9A01A1-38DA-431B-B93E-CA095BB9FA73}.Debug|Any CPU.ActiveCfg = Debug|Any CPU
		{DB9A01A1-38DA-431B-B93E-CA095BB9FA73}.Debug|Any CPU.Build.0 = Debug|Any CPU
		{DB9A01A1-38DA-431B-B93E-CA095BB9FA73}.Release|Any CPU.ActiveCfg = Release|Any CPU
		{DB9A01A1-38DA-431B-B93E-CA095BB9FA73}.Release|Any CPU.Build.0 = Release|Any CPU
	EndGlobalSection
	GlobalSection(SolutionProperties) = preSolution
		HideSolutionNode = FALSE
	EndGlobalSection
	GlobalSection(ExtensibilityGlobals) = postSolution
		SolutionGuid = {0B8A2C2E-B80F-4D16-851E-3DF820E2F059}
	EndGlobalSection
EndGlobal
